
Microsoft Visual Studio Solution File, Format Version 12.00
Project("{2150E333-8FDC-42A3-9474-1A3956D46DE8}") = "Exchange-Exchange-Headers", "Exchange-Exchange-Headers", "{7B37F38C-90AB-47A1-9F10-5EB42E40D4DB}"
EndProject
Project("{2150E333-8FDC-42A3-9474-1A3956D46DE8}") = "Exchange-Exchange", "Exchange-Exchange", "{E211ECDE-8E0F-4C24-802F-5BF3562D70FF}"
EndProject
Project("{FAE04EC0-301F-11D3-BF4B-00C04F79EFBC}") = "Consumer", "Consumer\Consumer.csproj", "{DE43A563-6050-4417-9FCD-57425A4C0BF4}"
EndProject
Project("{FAE04EC0-301F-11D3-BF4B-00C04F79EFBC}") = "Producer", "Producer\Producer.csproj", "{036B92CF-53AE-49FD-BE23-C5057777F968}"
EndProject
Project("{FAE04EC0-301F-11D3-BF4B-00C04F79EFBC}") = "CConsumer", "CConsumer\CConsumer.csproj", "{D165E13C-157A-455B-A848-C4A1A763D325}"
EndProject
Project("{FAE04EC0-301F-11D3-BF4B-00C04F79EFBC}") = "CProducer", "CProducer\CProducer.csproj", "{3D5731D4-BE3B-45B8-AC89-A71B66765FDD}"
EndProject
Project("{2150E333-8FDC-42A3-9474-1A3956D46DE8}") = "Consistant-Hashing-Exchange", "Consistant-Hashing-Exchange", "{FD2D3534-4878-4E57-A119-840B4D3F2DED}"
EndProject
Project("{FAE04EC0-301F-11D3-BF4B-00C04F79EFBC}") = "HashingConsumer", "HashingConsumer\HashingConsumer.csproj", "{AD408DC3-AA2B-4506-A469-AE5A8494E782}"
EndProject
Project("{FAE04EC0-301F-11D3-BF4B-00C04F79EFBC}") = "HashingProducer", "HashingProducer\HashingProducer.csproj", "{B790E0C0-2ECB-43C0-A807-29F801A5003C}"
EndProject
Global
	GlobalSection(SolutionConfigurationPlatforms) = preSolution
		Debug|Any CPU = Debug|Any CPU
		Release|Any CPU = Release|Any CPU
	EndGlobalSection
	GlobalSection(ProjectConfigurationPlatforms) = postSolution
		{DE43A563-6050-4417-9FCD-57425A4C0BF4}.Debug|Any CPU.ActiveCfg = Debug|Any CPU
		{DE43A563-6050-4417-9FCD-57425A4C0BF4}.Debug|Any CPU.Build.0 = Debug|Any CPU
		{DE43A563-6050-4417-9FCD-57425A4C0BF4}.Release|Any CPU.ActiveCfg = Release|Any CPU
		{DE43A563-6050-4417-9FCD-57425A4C0BF4}.Release|Any CPU.Build.0 = Release|Any CPU
		{036B92CF-53AE-49FD-BE23-C5057777F968}.Debug|Any CPU.ActiveCfg = Debug|Any CPU
		{036B92CF-53AE-49FD-BE23-C5057777F968}.Debug|Any CPU.Build.0 = Debug|Any CPU
		{036B92CF-53AE-49FD-BE23-C5057777F968}.Release|Any CPU.ActiveCfg = Release|Any CPU
		{036B92CF-53AE-49FD-BE23-C5057777F968}.Release|Any CPU.Build.0 = Release|Any CPU
		{D165E13C-157A-455B-A848-C4A1A763D325}.Debug|Any CPU.ActiveCfg = Debug|Any CPU
		{D165E13C-157A-455B-A848-C4A1A763D325}.Debug|Any CPU.Build.0 = Debug|Any CPU
		{D165E13C-157A-455B-A848-C4A1A763D325}.Release|Any CPU.ActiveCfg = Release|Any CPU
		{D165E13C-157A-455B-A848-C4A1A763D325}.Release|Any CPU.Build.0 = Release|Any CPU
		{3D5731D4-BE3B-45B8-AC89-A71B66765FDD}.Debug|Any CPU.ActiveCfg = Debug|Any CPU
		{3D5731D4-BE3B-45B8-AC89-A71B66765FDD}.Debug|Any CPU.Build.0 = Debug|Any CPU
		{3D5731D4-BE3B-45B8-AC89-A71B66765FDD}.Release|Any CPU.ActiveCfg = Release|Any CPU
		{3D5731D4-BE3B-45B8-AC89-A71B66765FDD}.Release|Any CPU.Build.0 = Release|Any CPU
		{AD408DC3-AA2B-4506-A469-AE5A8494E782}.Debug|Any CPU.ActiveCfg = Debug|Any CPU
		{AD408DC3-AA2B-4506-A469-AE5A8494E782}.Debug|Any CPU.Build.0 = Debug|Any CPU
		{AD408DC3-AA2B-4506-A469-AE5A8494E782}.Release|Any CPU.ActiveCfg = Release|Any CPU
		{AD408DC3-AA2B-4506-A469-AE5A8494E782}.Release|Any CPU.Build.0 = Release|Any CPU
		{B790E0C0-2ECB-43C0-A807-29F801A5003C}.Debug|Any CPU.ActiveCfg = Debug|Any CPU
		{B790E0C0-2ECB-43C0-A807-29F801A5003C}.Debug|Any CPU.Build.0 = Debug|Any CPU
		{B790E0C0-2ECB-43C0-A807-29F801A5003C}.Release|Any CPU.ActiveCfg = Release|Any CPU
		{B790E0C0-2ECB-43C0-A807-29F801A5003C}.Release|Any CPU.Build.0 = Release|Any CPU
	EndGlobalSection
	GlobalSection(NestedProjects) = preSolution
		{DE43A563-6050-4417-9FCD-57425A4C0BF4} = {E211ECDE-8E0F-4C24-802F-5BF3562D70FF}
		{036B92CF-53AE-49FD-BE23-C5057777F968} = {E211ECDE-8E0F-4C24-802F-5BF3562D70FF}
		{D165E13C-157A-455B-A848-C4A1A763D325} = {7B37F38C-90AB-47A1-9F10-5EB42E40D4DB}
		{3D5731D4-BE3B-45B8-AC89-A71B66765FDD} = {7B37F38C-90AB-47A1-9F10-5EB42E40D4DB}
		{AD408DC3-AA2B-4506-A469-AE5A8494E782} = {FD2D3534-4878-4E57-A119-840B4D3F2DED}
		{B790E0C0-2ECB-43C0-A807-29F801A5003C} = {FD2D3534-4878-4E57-A119-840B4D3F2DED}
	EndGlobalSection
EndGlobal
