
Microsoft Visual Studio Solution File, Format Version 12.00
Project("{FAE04EC0-301F-11D3-BF4B-00C04F79EFBC}") = "Consumer", "Consumer\Consumer.csproj", "{849AAF5C-15A8-4748-856F-838D797D1F01}"
EndProject
Project("{FAE04EC0-301F-11D3-BF4B-00C04F79EFBC}") = "Producer", "Producer\Producer.csproj", "{63ED625A-CB44-43CE-A826-7B52005781BD}"
EndProject
Global
	GlobalSection(SolutionConfigurationPlatforms) = preSolution
		Debug|Any CPU = Debug|Any CPU
		Release|Any CPU = Release|Any CPU
	EndGlobalSection
	GlobalSection(ProjectConfigurationPlatforms) = postSolution
		{849AAF5C-15A8-4748-856F-838D797D1F01}.Debug|Any CPU.ActiveCfg = Debug|Any CPU
		{849AAF5C-15A8-4748-856F-838D797D1F01}.Debug|Any CPU.Build.0 = Debug|Any CPU
		{849AAF5C-15A8-4748-856F-838D797D1F01}.Release|Any CPU.ActiveCfg = Release|Any CPU
		{849AAF5C-15A8-4748-856F-838D797D1F01}.Release|Any CPU.Build.0 = Release|Any CPU
		{63ED625A-CB44-43CE-A826-7B52005781BD}.Debug|Any CPU.ActiveCfg = Debug|Any CPU
		{63ED625A-CB44-43CE-A826-7B52005781BD}.Debug|Any CPU.Build.0 = Debug|Any CPU
		{63ED625A-CB44-43CE-A826-7B52005781BD}.Release|Any CPU.ActiveCfg = Release|Any CPU
		{63ED625A-CB44-43CE-A826-7B52005781BD}.Release|Any CPU.Build.0 = Release|Any CPU
	EndGlobalSection
EndGlobal
