
Microsoft Visual Studio Solution File, Format Version 12.00
Project("{FAE04EC0-301F-11D3-BF4B-00C04F79EFBC}") = "AnalyticsConsumer", "AnalyticsConsumer\AnalyticsConsumer.csproj", "{FBBA90EA-E322-481D-B69A-BA86A7DE6F14}"
EndProject
Project("{FAE04EC0-301F-11D3-BF4B-00C04F79EFBC}") = "PaymentsConsumer", "PaymentsConsumer\PaymentsConsumer.csproj", "{EC33E02C-F645-471B-9B9F-6D4B10CA06FA}"
EndProject
Global
	GlobalSection(SolutionConfigurationPlatforms) = preSolution
		Debug|Any CPU = Debug|Any CPU
		Release|Any CPU = Release|Any CPU
	EndGlobalSection
	GlobalSection(ProjectConfigurationPlatforms) = postSolution
		{FBBA90EA-E322-481D-B69A-BA86A7DE6F14}.Debug|Any CPU.ActiveCfg = Debug|Any CPU
		{FBBA90EA-E322-481D-B69A-BA86A7DE6F14}.Debug|Any CPU.Build.0 = Debug|Any CPU
		{FBBA90EA-E322-481D-B69A-BA86A7DE6F14}.Release|Any CPU.ActiveCfg = Release|Any CPU
		{FBBA90EA-E322-481D-B69A-BA86A7DE6F14}.Release|Any CPU.Build.0 = Release|Any CPU
		{EC33E02C-F645-471B-9B9F-6D4B10CA06FA}.Debug|Any CPU.ActiveCfg = Debug|Any CPU
		{EC33E02C-F645-471B-9B9F-6D4B10CA06FA}.Debug|Any CPU.Build.0 = Debug|Any CPU
		{EC33E02C-F645-471B-9B9F-6D4B10CA06FA}.Release|Any CPU.ActiveCfg = Release|Any CPU
		{EC33E02C-F645-471B-9B9F-6D4B10CA06FA}.Release|Any CPU.Build.0 = Release|Any CPU
	EndGlobalSection
EndGlobal
